
Microsoft Visual Studio Solution File, Format Version 12.00
# Visual Studio 15
VisualStudioVersion = 15.0.27130.2020
MinimumVisualStudioVersion = 10.0.40219.1
Project("{FAE04EC0-301F-11D3-BF4B-00C04F79EFBC}") = "ListaPosortowana", "ListaPosortowana\ListaPosortowana.csproj", "{3F3731ED-22C1-4786-992F-3A35CEB797D8}"
EndProject
Project("{FAE04EC0-301F-11D3-BF4B-00C04F79EFBC}") = "ListaJednokierunkowa", "ListaJednokierunkowa\ListaJednokierunkowa.csproj", "{7E109AAA-37E5-4379-A624-CE139ED25606}"
EndProject
Project("{FAE04EC0-301F-11D3-BF4B-00C04F79EFBC}") = "KolejkaFIFO", "KolejkaFIFO\KolejkaFIFO.csproj", "{66B73D36-94F3-4C82-9785-BAA097A95216}"
EndProject
Project("{FAE04EC0-301F-11D3-BF4B-00C04F79EFBC}") = "StosLIFO", "StosLIFO\StosLIFO.csproj", "{33D31860-740B-4449-90EE-8C86A9949B02}"
EndProject
Project("{FAE04EC0-301F-11D3-BF4B-00C04F79EFBC}") = "KolejkaNaDwaStosy", "KolejkaNaDwaStosy\KolejkaNaDwaStosy.csproj", "{E4972F09-0C50-4DD6-B0B5-D4E1D7CFE567}"
EndProject
Project("{FAE04EC0-301F-11D3-BF4B-00C04F79EFBC}") = "Stos-SprawdzeniePoprawnosciNawiasow", "Stos-SprawdzeniePoprawnosciNawiasow\Stos-SprawdzeniePoprawnosciNawiasow.csproj", "{1A0CBE2A-31B1-4FE5-AE8F-7C91EB6E5CEC}"
EndProject
Project("{FAE04EC0-301F-11D3-BF4B-00C04F79EFBC}") = "ListaDwukierunkowa", "ListaDwukierunkowa\ListaDwukierunkowa.csproj", "{C7BB2D07-4A70-4782-83DB-E86B1144E52A}"
EndProject
Project("{FAE04EC0-301F-11D3-BF4B-00C04F79EFBC}") = "Drzewo", "Drzewo\Drzewo.csproj", "{09B2F403-A444-49A1-91F1-7A68A7EC688F}"
EndProject
Project("{FAE04EC0-301F-11D3-BF4B-00C04F79EFBC}") = "DrzewoBinarne", "DrzewoBinarne\DrzewoBinarne.csproj", "{45813625-2F01-46C1-9B5C-C67045904E06}"
EndProject
Project("{FAE04EC0-301F-11D3-BF4B-00C04F79EFBC}") = "DrzewoPotomkowAdama", "DrzewoPotomkowAdama\DrzewoPotomkowAdama.csproj", "{4C5AD4E4-A7E5-4280-A03B-F332C15AA779}"
EndProject
Project("{FAE04EC0-301F-11D3-BF4B-00C04F79EFBC}") = "DrzewoTrie", "DrzewoTrie\DrzewoTrie.csproj", "{19DE04BF-E9F5-4ED8-A67E-E2D98C3494B5}"
EndProject
Project("{FAE04EC0-301F-11D3-BF4B-00C04F79EFBC}") = "DrzewoHuffmana", "DrzewoHuffmana\DrzewoHuffmana.csproj", "{B31B99F5-E303-41DF-9C34-1ACD0E1646C3}"
EndProject
Project("{FAE04EC0-301F-11D3-BF4B-00C04F79EFBC}") = "KopiecBinarny", "KopiecBinarny\KopiecBinarny.csproj", "{EE660B0E-7BF9-4781-B488-E0E4B17C2A43}"
EndProject
Project("{FAE04EC0-301F-11D3-BF4B-00C04F79EFBC}") = "SortowaniePrzezKopcowanie", "SortowaniePrzezKopcowanie\SortowaniePrzezKopcowanie.csproj", "{4C496005-DD55-4D15-8D9A-C1CCBE4DF044}"
EndProject
Project("{FAE04EC0-301F-11D3-BF4B-00C04F79EFBC}") = "KopiecBinarnyJakoDrzewo", "KopiecBinarnyJakoDrzewo\KopiecBinarnyJakoDrzewo.csproj", "{7028E9CC-282B-4CE4-86AB-EA99B55A93D1}"
EndProject
Project("{FAE04EC0-301F-11D3-BF4B-00C04F79EFBC}") = "KolejkaPriorytetowa", "KolejkaPriorytetowa\KolejkaPriorytetowa.csproj", "{67EBAB2B-1679-458F-9B7C-BA9992E076E5}"
EndProject
Project("{FAE04EC0-301F-11D3-BF4B-00C04F79EFBC}") = "DrzewoBST", "DrzewoBST\DrzewoBST.csproj", "{46CDA3EF-1A22-48D1-89F2-73EE95A13E4C}"
EndProject
Project("{FAE04EC0-301F-11D3-BF4B-00C04F79EFBC}") = "ZbiorNaWektorzeCharakterystycznym", "ZbiorNaWektorzeCharakterystycznym\ZbiorNaWektorzeCharakterystycznym.csproj", "{79AB5321-3A7F-47FB-8E02-364E739F0485}"
EndProject
Project("{FAE04EC0-301F-11D3-BF4B-00C04F79EFBC}") = "ZbiorHashowanieZMetLancuchowa", "ZbiorHashowanieZMetLancuchowa\ZbiorHashowanieZMetLancuchowa.csproj", "{040B2BD6-5078-42F7-A1CA-32783CD44066}"
EndProject
Project("{FAE04EC0-301F-11D3-BF4B-00C04F79EFBC}") = "ZbiorZWlasnymHashemZMetLancuchowa", "ZbiorZWlasnymHashemZMetLancuchowa\ZbiorZWlasnymHashemZMetLancuchowa.csproj", "{A9F87EE1-F9AB-4986-9374-679DA36C8065}"
EndProject
Project("{2150E333-8FDC-42A3-9474-1A3956D46DE8}") = "Kolos2_PrzykladoweZadania", "Kolos2_PrzykladoweZadania", "{00AA0148-378F-48B2-9B04-AA41072D7077}"
EndProject
Project("{FAE04EC0-301F-11D3-BF4B-00C04F79EFBC}") = "Kolos2_przyklad_zad1", "Kolos2_PrzykladoweZadania\Kolos2_przyklad_zad1\Kolos2_przyklad_zad1.csproj", "{BCC587B8-6A61-4D51-B9AD-FBA81020D912}"
EndProject
Project("{FAE04EC0-301F-11D3-BF4B-00C04F79EFBC}") = "Kolos2_przyklad_zad1B", "Kolos2_PrzykladoweZadania\Kolos2_przyklad_zad1B\Kolos2_przyklad_zad1B.csproj", "{878DDE94-039B-4E40-AE2F-0E0166B4C958}"
EndProject
Project("{FAE04EC0-301F-11D3-BF4B-00C04F79EFBC}") = "ZbiorHashowanieZAdresowaniemOtwartym", "ZbiorHashowanieZAdresowaniemOtwartym\ZbiorHashowanieZAdresowaniemOtwartym.csproj", "{22B3C63E-E268-4EDA-B5B4-F81D0D75ADB1}"
EndProject
Global
	GlobalSection(SolutionConfigurationPlatforms) = preSolution
		Debug|Any CPU = Debug|Any CPU
		Release|Any CPU = Release|Any CPU
	EndGlobalSection
	GlobalSection(ProjectConfigurationPlatforms) = postSolution
		{3F3731ED-22C1-4786-992F-3A35CEB797D8}.Debug|Any CPU.ActiveCfg = Debug|Any CPU
		{3F3731ED-22C1-4786-992F-3A35CEB797D8}.Debug|Any CPU.Build.0 = Debug|Any CPU
		{3F3731ED-22C1-4786-992F-3A35CEB797D8}.Release|Any CPU.ActiveCfg = Release|Any CPU
		{3F3731ED-22C1-4786-992F-3A35CEB797D8}.Release|Any CPU.Build.0 = Release|Any CPU
		{7E109AAA-37E5-4379-A624-CE139ED25606}.Debug|Any CPU.ActiveCfg = Debug|Any CPU
		{7E109AAA-37E5-4379-A624-CE139ED25606}.Debug|Any CPU.Build.0 = Debug|Any CPU
		{7E109AAA-37E5-4379-A624-CE139ED25606}.Release|Any CPU.ActiveCfg = Release|Any CPU
		{7E109AAA-37E5-4379-A624-CE139ED25606}.Release|Any CPU.Build.0 = Release|Any CPU
		{66B73D36-94F3-4C82-9785-BAA097A95216}.Debug|Any CPU.ActiveCfg = Debug|Any CPU
		{66B73D36-94F3-4C82-9785-BAA097A95216}.Debug|Any CPU.Build.0 = Debug|Any CPU
		{66B73D36-94F3-4C82-9785-BAA097A95216}.Release|Any CPU.ActiveCfg = Release|Any CPU
		{66B73D36-94F3-4C82-9785-BAA097A95216}.Release|Any CPU.Build.0 = Release|Any CPU
		{33D31860-740B-4449-90EE-8C86A9949B02}.Debug|Any CPU.ActiveCfg = Debug|Any CPU
		{33D31860-740B-4449-90EE-8C86A9949B02}.Debug|Any CPU.Build.0 = Debug|Any CPU
		{33D31860-740B-4449-90EE-8C86A9949B02}.Release|Any CPU.ActiveCfg = Release|Any CPU
		{33D31860-740B-4449-90EE-8C86A9949B02}.Release|Any CPU.Build.0 = Release|Any CPU
		{E4972F09-0C50-4DD6-B0B5-D4E1D7CFE567}.Debug|Any CPU.ActiveCfg = Debug|Any CPU
		{E4972F09-0C50-4DD6-B0B5-D4E1D7CFE567}.Debug|Any CPU.Build.0 = Debug|Any CPU
		{E4972F09-0C50-4DD6-B0B5-D4E1D7CFE567}.Release|Any CPU.ActiveCfg = Release|Any CPU
		{E4972F09-0C50-4DD6-B0B5-D4E1D7CFE567}.Release|Any CPU.Build.0 = Release|Any CPU
		{1A0CBE2A-31B1-4FE5-AE8F-7C91EB6E5CEC}.Debug|Any CPU.ActiveCfg = Debug|Any CPU
		{1A0CBE2A-31B1-4FE5-AE8F-7C91EB6E5CEC}.Debug|Any CPU.Build.0 = Debug|Any CPU
		{1A0CBE2A-31B1-4FE5-AE8F-7C91EB6E5CEC}.Release|Any CPU.ActiveCfg = Release|Any CPU
		{1A0CBE2A-31B1-4FE5-AE8F-7C91EB6E5CEC}.Release|Any CPU.Build.0 = Release|Any CPU
		{C7BB2D07-4A70-4782-83DB-E86B1144E52A}.Debug|Any CPU.ActiveCfg = Debug|Any CPU
		{C7BB2D07-4A70-4782-83DB-E86B1144E52A}.Debug|Any CPU.Build.0 = Debug|Any CPU
		{C7BB2D07-4A70-4782-83DB-E86B1144E52A}.Release|Any CPU.ActiveCfg = Release|Any CPU
		{C7BB2D07-4A70-4782-83DB-E86B1144E52A}.Release|Any CPU.Build.0 = Release|Any CPU
		{09B2F403-A444-49A1-91F1-7A68A7EC688F}.Debug|Any CPU.ActiveCfg = Debug|Any CPU
		{09B2F403-A444-49A1-91F1-7A68A7EC688F}.Debug|Any CPU.Build.0 = Debug|Any CPU
		{09B2F403-A444-49A1-91F1-7A68A7EC688F}.Release|Any CPU.ActiveCfg = Release|Any CPU
		{09B2F403-A444-49A1-91F1-7A68A7EC688F}.Release|Any CPU.Build.0 = Release|Any CPU
		{45813625-2F01-46C1-9B5C-C67045904E06}.Debug|Any CPU.ActiveCfg = Debug|Any CPU
		{45813625-2F01-46C1-9B5C-C67045904E06}.Debug|Any CPU.Build.0 = Debug|Any CPU
		{45813625-2F01-46C1-9B5C-C67045904E06}.Release|Any CPU.ActiveCfg = Release|Any CPU
		{45813625-2F01-46C1-9B5C-C67045904E06}.Release|Any CPU.Build.0 = Release|Any CPU
		{4C5AD4E4-A7E5-4280-A03B-F332C15AA779}.Debug|Any CPU.ActiveCfg = Debug|Any CPU
		{4C5AD4E4-A7E5-4280-A03B-F332C15AA779}.Debug|Any CPU.Build.0 = Debug|Any CPU
		{4C5AD4E4-A7E5-4280-A03B-F332C15AA779}.Release|Any CPU.ActiveCfg = Release|Any CPU
		{4C5AD4E4-A7E5-4280-A03B-F332C15AA779}.Release|Any CPU.Build.0 = Release|Any CPU
		{19DE04BF-E9F5-4ED8-A67E-E2D98C3494B5}.Debug|Any CPU.ActiveCfg = Debug|Any CPU
		{19DE04BF-E9F5-4ED8-A67E-E2D98C3494B5}.Debug|Any CPU.Build.0 = Debug|Any CPU
		{19DE04BF-E9F5-4ED8-A67E-E2D98C3494B5}.Release|Any CPU.ActiveCfg = Release|Any CPU
		{19DE04BF-E9F5-4ED8-A67E-E2D98C3494B5}.Release|Any CPU.Build.0 = Release|Any CPU
		{B31B99F5-E303-41DF-9C34-1ACD0E1646C3}.Debug|Any CPU.ActiveCfg = Debug|Any CPU
		{B31B99F5-E303-41DF-9C34-1ACD0E1646C3}.Debug|Any CPU.Build.0 = Debug|Any CPU
		{B31B99F5-E303-41DF-9C34-1ACD0E1646C3}.Release|Any CPU.ActiveCfg = Release|Any CPU
		{B31B99F5-E303-41DF-9C34-1ACD0E1646C3}.Release|Any CPU.Build.0 = Release|Any CPU
		{EE660B0E-7BF9-4781-B488-E0E4B17C2A43}.Debug|Any CPU.ActiveCfg = Debug|Any CPU
		{EE660B0E-7BF9-4781-B488-E0E4B17C2A43}.Debug|Any CPU.Build.0 = Debug|Any CPU
		{EE660B0E-7BF9-4781-B488-E0E4B17C2A43}.Release|Any CPU.ActiveCfg = Release|Any CPU
		{EE660B0E-7BF9-4781-B488-E0E4B17C2A43}.Release|Any CPU.Build.0 = Release|Any CPU
		{4C496005-DD55-4D15-8D9A-C1CCBE4DF044}.Debug|Any CPU.ActiveCfg = Debug|Any CPU
		{4C496005-DD55-4D15-8D9A-C1CCBE4DF044}.Debug|Any CPU.Build.0 = Debug|Any CPU
		{4C496005-DD55-4D15-8D9A-C1CCBE4DF044}.Release|Any CPU.ActiveCfg = Release|Any CPU
		{4C496005-DD55-4D15-8D9A-C1CCBE4DF044}.Release|Any CPU.Build.0 = Release|Any CPU
		{7028E9CC-282B-4CE4-86AB-EA99B55A93D1}.Debug|Any CPU.ActiveCfg = Debug|Any CPU
		{7028E9CC-282B-4CE4-86AB-EA99B55A93D1}.Debug|Any CPU.Build.0 = Debug|Any CPU
		{7028E9CC-282B-4CE4-86AB-EA99B55A93D1}.Release|Any CPU.ActiveCfg = Release|Any CPU
		{7028E9CC-282B-4CE4-86AB-EA99B55A93D1}.Release|Any CPU.Build.0 = Release|Any CPU
		{67EBAB2B-1679-458F-9B7C-BA9992E076E5}.Debug|Any CPU.ActiveCfg = Debug|Any CPU
		{67EBAB2B-1679-458F-9B7C-BA9992E076E5}.Debug|Any CPU.Build.0 = Debug|Any CPU
		{67EBAB2B-1679-458F-9B7C-BA9992E076E5}.Release|Any CPU.ActiveCfg = Release|Any CPU
		{67EBAB2B-1679-458F-9B7C-BA9992E076E5}.Release|Any CPU.Build.0 = Release|Any CPU
		{46CDA3EF-1A22-48D1-89F2-73EE95A13E4C}.Debug|Any CPU.ActiveCfg = Debug|Any CPU
		{46CDA3EF-1A22-48D1-89F2-73EE95A13E4C}.Debug|Any CPU.Build.0 = Debug|Any CPU
		{46CDA3EF-1A22-48D1-89F2-73EE95A13E4C}.Release|Any CPU.ActiveCfg = Release|Any CPU
		{46CDA3EF-1A22-48D1-89F2-73EE95A13E4C}.Release|Any CPU.Build.0 = Release|Any CPU
		{79AB5321-3A7F-47FB-8E02-364E739F0485}.Debug|Any CPU.ActiveCfg = Debug|Any CPU
		{79AB5321-3A7F-47FB-8E02-364E739F0485}.Debug|Any CPU.Build.0 = Debug|Any CPU
		{79AB5321-3A7F-47FB-8E02-364E739F0485}.Release|Any CPU.ActiveCfg = Release|Any CPU
		{79AB5321-3A7F-47FB-8E02-364E739F0485}.Release|Any CPU.Build.0 = Release|Any CPU
		{040B2BD6-5078-42F7-A1CA-32783CD44066}.Debug|Any CPU.ActiveCfg = Debug|Any CPU
		{040B2BD6-5078-42F7-A1CA-32783CD44066}.Debug|Any CPU.Build.0 = Debug|Any CPU
		{040B2BD6-5078-42F7-A1CA-32783CD44066}.Release|Any CPU.ActiveCfg = Release|Any CPU
		{040B2BD6-5078-42F7-A1CA-32783CD44066}.Release|Any CPU.Build.0 = Release|Any CPU
		{A9F87EE1-F9AB-4986-9374-679DA36C8065}.Debug|Any CPU.ActiveCfg = Debug|Any CPU
		{A9F87EE1-F9AB-4986-9374-679DA36C8065}.Debug|Any CPU.Build.0 = Debug|Any CPU
		{A9F87EE1-F9AB-4986-9374-679DA36C8065}.Release|Any CPU.ActiveCfg = Release|Any CPU
		{A9F87EE1-F9AB-4986-9374-679DA36C8065}.Release|Any CPU.Build.0 = Release|Any CPU
		{BCC587B8-6A61-4D51-B9AD-FBA81020D912}.Debug|Any CPU.ActiveCfg = Debug|Any CPU
		{BCC587B8-6A61-4D51-B9AD-FBA81020D912}.Debug|Any CPU.Build.0 = Debug|Any CPU
		{BCC587B8-6A61-4D51-B9AD-FBA81020D912}.Release|Any CPU.ActiveCfg = Release|Any CPU
		{BCC587B8-6A61-4D51-B9AD-FBA81020D912}.Release|Any CPU.Build.0 = Release|Any CPU
		{878DDE94-039B-4E40-AE2F-0E0166B4C958}.Debug|Any CPU.ActiveCfg = Debug|Any CPU
		{878DDE94-039B-4E40-AE2F-0E0166B4C958}.Debug|Any CPU.Build.0 = Debug|Any CPU
		{878DDE94-039B-4E40-AE2F-0E0166B4C958}.Release|Any CPU.ActiveCfg = Release|Any CPU
		{878DDE94-039B-4E40-AE2F-0E0166B4C958}.Release|Any CPU.Build.0 = Release|Any CPU
		{22B3C63E-E268-4EDA-B5B4-F81D0D75ADB1}.Debug|Any CPU.ActiveCfg = Debug|Any CPU
		{22B3C63E-E268-4EDA-B5B4-F81D0D75ADB1}.Debug|Any CPU.Build.0 = Debug|Any CPU
		{22B3C63E-E268-4EDA-B5B4-F81D0D75ADB1}.Release|Any CPU.ActiveCfg = Release|Any CPU
		{22B3C63E-E268-4EDA-B5B4-F81D0D75ADB1}.Release|Any CPU.Build.0 = Release|Any CPU
	EndGlobalSection
	GlobalSection(SolutionProperties) = preSolution
		HideSolutionNode = FALSE
	EndGlobalSection
	GlobalSection(NestedProjects) = preSolution
		{BCC587B8-6A61-4D51-B9AD-FBA81020D912} = {00AA0148-378F-48B2-9B04-AA41072D7077}
		{878DDE94-039B-4E40-AE2F-0E0166B4C958} = {00AA0148-378F-48B2-9B04-AA41072D7077}
	EndGlobalSection
	GlobalSection(ExtensibilityGlobals) = postSolution
		SolutionGuid = {E1069829-FFC4-4362-9462-7857295629DE}
	EndGlobalSection
EndGlobal
